
Microsoft Visual Studio Solution File, Format Version 12.00
# Visual Studio 14
VisualStudioVersion = 14.0.24720.0
MinimumVisualStudioVersion = 10.0.40219.1
Project("{8BC9CEB8-8B4A-11D0-8D11-00A0C91BC942}") = "FuncHooker", "FuncHooker\FuncHooker.vcxproj", "{E28C3F78-5675-49D3-9E26-CF4A392063B0}"
	ProjectSection(ProjectDependencies) = postProject
		{F83EDD2C-AE5C-4FC4-919F-73D72A9F131C} = {F83EDD2C-AE5C-4FC4-919F-73D72A9F131C}
		{23DDFCA0-F470-4280-AA25-74CFE0080CBD} = {23DDFCA0-F470-4280-AA25-74CFE0080CBD}
	EndProjectSection
EndProject
Project("{8BC9CEB8-8B4A-11D0-8D11-00A0C91BC942}") = "OSUtilities", "OSUtilities\OSUtilities.vcxproj", "{23DDFCA0-F470-4280-AA25-74CFE0080CBD}"
EndProject
Project("{8BC9CEB8-8B4A-11D0-8D11-00A0C91BC942}") = "RemoteExecution", "RemoteExecution\RemoteExecution.vcxproj", "{E76F38AE-7BF9-4007-B839-F44E54890D46}"
	ProjectSection(ProjectDependencies) = postProject
		{E28C3F78-5675-49D3-9E26-CF4A392063B0} = {E28C3F78-5675-49D3-9E26-CF4A392063B0}
		{23DDFCA0-F470-4280-AA25-74CFE0080CBD} = {23DDFCA0-F470-4280-AA25-74CFE0080CBD}
	EndProjectSection
EndProject
Project("{2150E333-8FDC-42A3-9474-1A3956D46DE8}") = "external", "external", "{7BD8300A-5D67-4AFF-A395-4743854B128C}"
EndProject
Project("{8BC9CEB8-8B4A-11D0-8D11-00A0C91BC942}") = "udis86", "external\udis86\1.7.2\udis86.vcxproj", "{F83EDD2C-AE5C-4FC4-919F-73D72A9F131C}"
EndProject
Project("{2150E333-8FDC-42A3-9474-1A3956D46DE8}") = "Tests", "Tests", "{30A51DAD-6B2A-4A03-9EEC-C0E5C3E1F370}"
EndProject
Project("{8BC9CEB8-8B4A-11D0-8D11-00A0C91BC942}") = "TestDll", "TestCases\TestDll\TestDll.vcxproj", "{36B64293-6540-4CBC-AB0D-57FD302E3536}"
EndProject
Project("{8BC9CEB8-8B4A-11D0-8D11-00A0C91BC942}") = "TestExe", "TestCases\TestExe\TestExe.vcxproj", "{6D6E10AA-19E9-4658-A6B3-2243DEC439E9}"
EndProject
Project("{8BC9CEB8-8B4A-11D0-8D11-00A0C91BC942}") = "TestExeHookDll", "TestCases\TestExeHookDll\TestExeHookDll.vcxproj", "{35C35289-5BCF-4E7F-B2F2-D70FE9DF376A}"
	ProjectSection(ProjectDependencies) = postProject
		{E28C3F78-5675-49D3-9E26-CF4A392063B0} = {E28C3F78-5675-49D3-9E26-CF4A392063B0}
	EndProjectSection
EndProject
Project("{8BC9CEB8-8B4A-11D0-8D11-00A0C91BC942}") = "TestExeHooker", "TestCases\TestExeHooker\TestExeHooker.vcxproj", "{8EA74363-DCEF-4A73-8D5C-FF5EF8C15F11}"
	ProjectSection(ProjectDependencies) = postProject
		{E76F38AE-7BF9-4007-B839-F44E54890D46} = {E76F38AE-7BF9-4007-B839-F44E54890D46}
	EndProjectSection
EndProject
Project("{8BC9CEB8-8B4A-11D0-8D11-00A0C91BC942}") = "TestInProcessHook", "TestCases\TestInProcessHook\TestInProcessHook.vcxproj", "{7F3E9987-7AAD-4DD3-970F-BAC47EFC404D}"
	ProjectSection(ProjectDependencies) = postProject
		{E28C3F78-5675-49D3-9E26-CF4A392063B0} = {E28C3F78-5675-49D3-9E26-CF4A392063B0}
		{36B64293-6540-4CBC-AB0D-57FD302E3536} = {36B64293-6540-4CBC-AB0D-57FD302E3536}
	EndProjectSection
EndProject
Global
	GlobalSection(SolutionConfigurationPlatforms) = preSolution
		Debug|x64 = Debug|x64
		Debug|x86 = Debug|x86
		Debug-DLL|x64 = Debug-DLL|x64
		Debug-DLL|x86 = Debug-DLL|x86
		Release|x64 = Release|x64
		Release|x86 = Release|x86
		Release-DLL|x64 = Release-DLL|x64
		Release-DLL|x86 = Release-DLL|x86
	EndGlobalSection
	GlobalSection(ProjectConfigurationPlatforms) = postSolution
		{E28C3F78-5675-49D3-9E26-CF4A392063B0}.Debug|x64.ActiveCfg = Debug|x64
		{E28C3F78-5675-49D3-9E26-CF4A392063B0}.Debug|x64.Build.0 = Debug|x64
		{E28C3F78-5675-49D3-9E26-CF4A392063B0}.Debug|x86.ActiveCfg = Debug|Win32
		{E28C3F78-5675-49D3-9E26-CF4A392063B0}.Debug|x86.Build.0 = Debug|Win32
		{E28C3F78-5675-49D3-9E26-CF4A392063B0}.Debug-DLL|x64.ActiveCfg = Debug|x64
		{E28C3F78-5675-49D3-9E26-CF4A392063B0}.Debug-DLL|x64.Build.0 = Debug|x64
		{E28C3F78-5675-49D3-9E26-CF4A392063B0}.Debug-DLL|x86.ActiveCfg = Debug|Win32
		{E28C3F78-5675-49D3-9E26-CF4A392063B0}.Debug-DLL|x86.Build.0 = Debug|Win32
		{E28C3F78-5675-49D3-9E26-CF4A392063B0}.Release|x64.ActiveCfg = Release|x64
		{E28C3F78-5675-49D3-9E26-CF4A392063B0}.Release|x64.Build.0 = Release|x64
		{E28C3F78-5675-49D3-9E26-CF4A392063B0}.Release|x86.ActiveCfg = Release|Win32
		{E28C3F78-5675-49D3-9E26-CF4A392063B0}.Release|x86.Build.0 = Release|Win32
		{E28C3F78-5675-49D3-9E26-CF4A392063B0}.Release-DLL|x64.ActiveCfg = Release|x64
		{E28C3F78-5675-49D3-9E26-CF4A392063B0}.Release-DLL|x64.Build.0 = Release|x64
		{E28C3F78-5675-49D3-9E26-CF4A392063B0}.Release-DLL|x86.ActiveCfg = Release|Win32
		{E28C3F78-5675-49D3-9E26-CF4A392063B0}.Release-DLL|x86.Build.0 = Release|Win32
		{23DDFCA0-F470-4280-AA25-74CFE0080CBD}.Debug|x64.ActiveCfg = Debug|x64
		{23DDFCA0-F470-4280-AA25-74CFE0080CBD}.Debug|x64.Build.0 = Debug|x64
		{23DDFCA0-F470-4280-AA25-74CFE0080CBD}.Debug|x86.ActiveCfg = Debug|Win32
		{23DDFCA0-F470-4280-AA25-74CFE0080CBD}.Debug|x86.Build.0 = Debug|Win32
		{23DDFCA0-F470-4280-AA25-74CFE0080CBD}.Debug-DLL|x64.ActiveCfg = Debug|x64
		{23DDFCA0-F470-4280-AA25-74CFE0080CBD}.Debug-DLL|x64.Build.0 = Debug|x64
		{23DDFCA0-F470-4280-AA25-74CFE0080CBD}.Debug-DLL|x86.ActiveCfg = Debug|Win32
		{23DDFCA0-F470-4280-AA25-74CFE0080CBD}.Debug-DLL|x86.Build.0 = Debug|Win32
		{23DDFCA0-F470-4280-AA25-74CFE0080CBD}.Release|x64.ActiveCfg = Release|x64
		{23DDFCA0-F470-4280-AA25-74CFE0080CBD}.Release|x64.Build.0 = Release|x64
		{23DDFCA0-F470-4280-AA25-74CFE0080CBD}.Release|x86.ActiveCfg = Release|Win32
		{23DDFCA0-F470-4280-AA25-74CFE0080CBD}.Release|x86.Build.0 = Release|Win32
		{23DDFCA0-F470-4280-AA25-74CFE0080CBD}.Release-DLL|x64.ActiveCfg = Release|x64
		{23DDFCA0-F470-4280-AA25-74CFE0080CBD}.Release-DLL|x64.Build.0 = Release|x64
		{23DDFCA0-F470-4280-AA25-74CFE0080CBD}.Release-DLL|x86.ActiveCfg = Release|Win32
		{23DDFCA0-F470-4280-AA25-74CFE0080CBD}.Release-DLL|x86.Build.0 = Release|Win32
		{E76F38AE-7BF9-4007-B839-F44E54890D46}.Debug|x64.ActiveCfg = Debug|x64
		{E76F38AE-7BF9-4007-B839-F44E54890D46}.Debug|x64.Build.0 = Debug|x64
		{E76F38AE-7BF9-4007-B839-F44E54890D46}.Debug|x86.ActiveCfg = Debug|Win32
		{E76F38AE-7BF9-4007-B839-F44E54890D46}.Debug|x86.Build.0 = Debug|Win32
		{E76F38AE-7BF9-4007-B839-F44E54890D46}.Debug-DLL|x64.ActiveCfg = Debug|x64
		{E76F38AE-7BF9-4007-B839-F44E54890D46}.Debug-DLL|x64.Build.0 = Debug|x64
		{E76F38AE-7BF9-4007-B839-F44E54890D46}.Debug-DLL|x86.ActiveCfg = Debug|Win32
		{E76F38AE-7BF9-4007-B839-F44E54890D46}.Debug-DLL|x86.Build.0 = Debug|Win32
		{E76F38AE-7BF9-4007-B839-F44E54890D46}.Release|x64.ActiveCfg = Release|x64
		{E76F38AE-7BF9-4007-B839-F44E54890D46}.Release|x64.Build.0 = Release|x64
		{E76F38AE-7BF9-4007-B839-F44E54890D46}.Release|x86.ActiveCfg = Release|Win32
		{E76F38AE-7BF9-4007-B839-F44E54890D46}.Release|x86.Build.0 = Release|Win32
		{E76F38AE-7BF9-4007-B839-F44E54890D46}.Release-DLL|x64.ActiveCfg = Release|x64
		{E76F38AE-7BF9-4007-B839-F44E54890D46}.Release-DLL|x64.Build.0 = Release|x64
		{E76F38AE-7BF9-4007-B839-F44E54890D46}.Release-DLL|x86.ActiveCfg = Release|Win32
		{E76F38AE-7BF9-4007-B839-F44E54890D46}.Release-DLL|x86.Build.0 = Release|Win32
		{F83EDD2C-AE5C-4FC4-919F-73D72A9F131C}.Debug|x64.ActiveCfg = Debug|x64
		{F83EDD2C-AE5C-4FC4-919F-73D72A9F131C}.Debug|x64.Build.0 = Debug|x64
		{F83EDD2C-AE5C-4FC4-919F-73D72A9F131C}.Debug|x86.ActiveCfg = Debug|Win32
		{F83EDD2C-AE5C-4FC4-919F-73D72A9F131C}.Debug|x86.Build.0 = Debug|Win32
		{F83EDD2C-AE5C-4FC4-919F-73D72A9F131C}.Debug-DLL|x64.ActiveCfg = Debug|x64
		{F83EDD2C-AE5C-4FC4-919F-73D72A9F131C}.Debug-DLL|x64.Build.0 = Debug|x64
		{F83EDD2C-AE5C-4FC4-919F-73D72A9F131C}.Debug-DLL|x86.ActiveCfg = Debug|Win32
		{F83EDD2C-AE5C-4FC4-919F-73D72A9F131C}.Debug-DLL|x86.Build.0 = Debug|Win32
		{F83EDD2C-AE5C-4FC4-919F-73D72A9F131C}.Release|x64.ActiveCfg = Release|x64
		{F83EDD2C-AE5C-4FC4-919F-73D72A9F131C}.Release|x64.Build.0 = Release|x64
		{F83EDD2C-AE5C-4FC4-919F-73D72A9F131C}.Release|x86.ActiveCfg = Release|Win32
		{F83EDD2C-AE5C-4FC4-919F-73D72A9F131C}.Release|x86.Build.0 = Release|Win32
		{F83EDD2C-AE5C-4FC4-919F-73D72A9F131C}.Release-DLL|x64.ActiveCfg = Release|x64
		{F83EDD2C-AE5C-4FC4-919F-73D72A9F131C}.Release-DLL|x64.Build.0 = Release|x64
		{F83EDD2C-AE5C-4FC4-919F-73D72A9F131C}.Release-DLL|x86.ActiveCfg = Release|Win32
		{F83EDD2C-AE5C-4FC4-919F-73D72A9F131C}.Release-DLL|x86.Build.0 = Release|Win32
		{36B64293-6540-4CBC-AB0D-57FD302E3536}.Debug|x64.ActiveCfg = Debug|x64
		{36B64293-6540-4CBC-AB0D-57FD302E3536}.Debug|x64.Build.0 = Debug|x64
		{36B64293-6540-4CBC-AB0D-57FD302E3536}.Debug|x86.ActiveCfg = Debug|Win32
		{36B64293-6540-4CBC-AB0D-57FD302E3536}.Debug|x86.Build.0 = Debug|Win32
		{36B64293-6540-4CBC-AB0D-57FD302E3536}.Debug-DLL|x64.ActiveCfg = Debug|x64
		{36B64293-6540-4CBC-AB0D-57FD302E3536}.Debug-DLL|x64.Build.0 = Debug|x64
		{36B64293-6540-4CBC-AB0D-57FD302E3536}.Debug-DLL|x86.ActiveCfg = Debug|Win32
		{36B64293-6540-4CBC-AB0D-57FD302E3536}.Debug-DLL|x86.Build.0 = Debug|Win32
		{36B64293-6540-4CBC-AB0D-57FD302E3536}.Release|x64.ActiveCfg = Release|x64
		{36B64293-6540-4CBC-AB0D-57FD302E3536}.Release|x64.Build.0 = Release|x64
		{36B64293-6540-4CBC-AB0D-57FD302E3536}.Release|x86.ActiveCfg = Release|Win32
		{36B64293-6540-4CBC-AB0D-57FD302E3536}.Release|x86.Build.0 = Release|Win32
		{36B64293-6540-4CBC-AB0D-57FD302E3536}.Release-DLL|x64.ActiveCfg = Release|x64
		{36B64293-6540-4CBC-AB0D-57FD302E3536}.Release-DLL|x64.Build.0 = Release|x64
		{36B64293-6540-4CBC-AB0D-57FD302E3536}.Release-DLL|x86.ActiveCfg = Release|Win32
		{36B64293-6540-4CBC-AB0D-57FD302E3536}.Release-DLL|x86.Build.0 = Release|Win32
		{6D6E10AA-19E9-4658-A6B3-2243DEC439E9}.Debug|x64.ActiveCfg = Debug|x64
		{6D6E10AA-19E9-4658-A6B3-2243DEC439E9}.Debug|x64.Build.0 = Debug|x64
		{6D6E10AA-19E9-4658-A6B3-2243DEC439E9}.Debug|x86.ActiveCfg = Debug|Win32
		{6D6E10AA-19E9-4658-A6B3-2243DEC439E9}.Debug|x86.Build.0 = Debug|Win32
		{6D6E10AA-19E9-4658-A6B3-2243DEC439E9}.Debug-DLL|x64.ActiveCfg = Debug|x64
		{6D6E10AA-19E9-4658-A6B3-2243DEC439E9}.Debug-DLL|x64.Build.0 = Debug|x64
		{6D6E10AA-19E9-4658-A6B3-2243DEC439E9}.Debug-DLL|x86.ActiveCfg = Debug|Win32
		{6D6E10AA-19E9-4658-A6B3-2243DEC439E9}.Debug-DLL|x86.Build.0 = Debug|Win32
		{6D6E10AA-19E9-4658-A6B3-2243DEC439E9}.Release|x64.ActiveCfg = Release|x64
		{6D6E10AA-19E9-4658-A6B3-2243DEC439E9}.Release|x64.Build.0 = Release|x64
		{6D6E10AA-19E9-4658-A6B3-2243DEC439E9}.Release|x86.ActiveCfg = Release|Win32
		{6D6E10AA-19E9-4658-A6B3-2243DEC439E9}.Release|x86.Build.0 = Release|Win32
		{6D6E10AA-19E9-4658-A6B3-2243DEC439E9}.Release-DLL|x64.ActiveCfg = Release|x64
		{6D6E10AA-19E9-4658-A6B3-2243DEC439E9}.Release-DLL|x64.Build.0 = Release|x64
		{6D6E10AA-19E9-4658-A6B3-2243DEC439E9}.Release-DLL|x86.ActiveCfg = Release|Win32
		{6D6E10AA-19E9-4658-A6B3-2243DEC439E9}.Release-DLL|x86.Build.0 = Release|Win32
		{35C35289-5BCF-4E7F-B2F2-D70FE9DF376A}.Debug|x64.ActiveCfg = Debug|x64
		{35C35289-5BCF-4E7F-B2F2-D70FE9DF376A}.Debug|x64.Build.0 = Debug|x64
		{35C35289-5BCF-4E7F-B2F2-D70FE9DF376A}.Debug|x86.ActiveCfg = Debug|Win32
		{35C35289-5BCF-4E7F-B2F2-D70FE9DF376A}.Debug|x86.Build.0 = Debug|Win32
		{35C35289-5BCF-4E7F-B2F2-D70FE9DF376A}.Debug-DLL|x64.ActiveCfg = Debug|x64
		{35C35289-5BCF-4E7F-B2F2-D70FE9DF376A}.Debug-DLL|x64.Build.0 = Debug|x64
		{35C35289-5BCF-4E7F-B2F2-D70FE9DF376A}.Debug-DLL|x86.ActiveCfg = Debug|Win32
		{35C35289-5BCF-4E7F-B2F2-D70FE9DF376A}.Debug-DLL|x86.Build.0 = Debug|Win32
		{35C35289-5BCF-4E7F-B2F2-D70FE9DF376A}.Release|x64.ActiveCfg = Release|x64
		{35C35289-5BCF-4E7F-B2F2-D70FE9DF376A}.Release|x64.Build.0 = Release|x64
		{35C35289-5BCF-4E7F-B2F2-D70FE9DF376A}.Release|x86.ActiveCfg = Release|Win32
		{35C35289-5BCF-4E7F-B2F2-D70FE9DF376A}.Release|x86.Build.0 = Release|Win32
		{35C35289-5BCF-4E7F-B2F2-D70FE9DF376A}.Release-DLL|x64.ActiveCfg = Release|x64
		{35C35289-5BCF-4E7F-B2F2-D70FE9DF376A}.Release-DLL|x64.Build.0 = Release|x64
		{35C35289-5BCF-4E7F-B2F2-D70FE9DF376A}.Release-DLL|x86.ActiveCfg = Release|Win32
		{35C35289-5BCF-4E7F-B2F2-D70FE9DF376A}.Release-DLL|x86.Build.0 = Release|Win32
		{8EA74363-DCEF-4A73-8D5C-FF5EF8C15F11}.Debug|x64.ActiveCfg = Debug|x64
		{8EA74363-DCEF-4A73-8D5C-FF5EF8C15F11}.Debug|x64.Build.0 = Debug|x64
		{8EA74363-DCEF-4A73-8D5C-FF5EF8C15F11}.Debug|x86.ActiveCfg = Debug|Win32
		{8EA74363-DCEF-4A73-8D5C-FF5EF8C15F11}.Debug|x86.Build.0 = Debug|Win32
		{8EA74363-DCEF-4A73-8D5C-FF5EF8C15F11}.Debug-DLL|x64.ActiveCfg = Debug|x64
		{8EA74363-DCEF-4A73-8D5C-FF5EF8C15F11}.Debug-DLL|x64.Build.0 = Debug|x64
		{8EA74363-DCEF-4A73-8D5C-FF5EF8C15F11}.Debug-DLL|x86.ActiveCfg = Debug|Win32
		{8EA74363-DCEF-4A73-8D5C-FF5EF8C15F11}.Debug-DLL|x86.Build.0 = Debug|Win32
		{8EA74363-DCEF-4A73-8D5C-FF5EF8C15F11}.Release|x64.ActiveCfg = Release|x64
		{8EA74363-DCEF-4A73-8D5C-FF5EF8C15F11}.Release|x64.Build.0 = Release|x64
		{8EA74363-DCEF-4A73-8D5C-FF5EF8C15F11}.Release|x86.ActiveCfg = Release|Win32
		{8EA74363-DCEF-4A73-8D5C-FF5EF8C15F11}.Release|x86.Build.0 = Release|Win32
		{8EA74363-DCEF-4A73-8D5C-FF5EF8C15F11}.Release-DLL|x64.ActiveCfg = Release|x64
		{8EA74363-DCEF-4A73-8D5C-FF5EF8C15F11}.Release-DLL|x64.Build.0 = Release|x64
		{8EA74363-DCEF-4A73-8D5C-FF5EF8C15F11}.Release-DLL|x86.ActiveCfg = Release|Win32
		{8EA74363-DCEF-4A73-8D5C-FF5EF8C15F11}.Release-DLL|x86.Build.0 = Release|Win32
		{7F3E9987-7AAD-4DD3-970F-BAC47EFC404D}.Debug|x64.ActiveCfg = Debug|x64
		{7F3E9987-7AAD-4DD3-970F-BAC47EFC404D}.Debug|x64.Build.0 = Debug|x64
		{7F3E9987-7AAD-4DD3-970F-BAC47EFC404D}.Debug|x86.ActiveCfg = Debug|Win32
		{7F3E9987-7AAD-4DD3-970F-BAC47EFC404D}.Debug|x86.Build.0 = Debug|Win32
		{7F3E9987-7AAD-4DD3-970F-BAC47EFC404D}.Debug-DLL|x64.ActiveCfg = Debug|x64
		{7F3E9987-7AAD-4DD3-970F-BAC47EFC404D}.Debug-DLL|x64.Build.0 = Debug|x64
		{7F3E9987-7AAD-4DD3-970F-BAC47EFC404D}.Debug-DLL|x86.ActiveCfg = Debug|Win32
		{7F3E9987-7AAD-4DD3-970F-BAC47EFC404D}.Debug-DLL|x86.Build.0 = Debug|Win32
		{7F3E9987-7AAD-4DD3-970F-BAC47EFC404D}.Release|x64.ActiveCfg = Release|x64
		{7F3E9987-7AAD-4DD3-970F-BAC47EFC404D}.Release|x64.Build.0 = Release|x64
		{7F3E9987-7AAD-4DD3-970F-BAC47EFC404D}.Release|x86.ActiveCfg = Release|Win32
		{7F3E9987-7AAD-4DD3-970F-BAC47EFC404D}.Release|x86.Build.0 = Release|Win32
		{7F3E9987-7AAD-4DD3-970F-BAC47EFC404D}.Release-DLL|x64.ActiveCfg = Release|x64
		{7F3E9987-7AAD-4DD3-970F-BAC47EFC404D}.Release-DLL|x64.Build.0 = Release|x64
		{7F3E9987-7AAD-4DD3-970F-BAC47EFC404D}.Release-DLL|x86.ActiveCfg = Release|Win32
		{7F3E9987-7AAD-4DD3-970F-BAC47EFC404D}.Release-DLL|x86.Build.0 = Release|Win32
	EndGlobalSection
	GlobalSection(SolutionProperties) = preSolution
		HideSolutionNode = FALSE
	EndGlobalSection
	GlobalSection(NestedProjects) = preSolution
		{F83EDD2C-AE5C-4FC4-919F-73D72A9F131C} = {7BD8300A-5D67-4AFF-A395-4743854B128C}
		{36B64293-6540-4CBC-AB0D-57FD302E3536} = {30A51DAD-6B2A-4A03-9EEC-C0E5C3E1F370}
		{6D6E10AA-19E9-4658-A6B3-2243DEC439E9} = {30A51DAD-6B2A-4A03-9EEC-C0E5C3E1F370}
		{35C35289-5BCF-4E7F-B2F2-D70FE9DF376A} = {30A51DAD-6B2A-4A03-9EEC-C0E5C3E1F370}
		{8EA74363-DCEF-4A73-8D5C-FF5EF8C15F11} = {30A51DAD-6B2A-4A03-9EEC-C0E5C3E1F370}
		{7F3E9987-7AAD-4DD3-970F-BAC47EFC404D} = {30A51DAD-6B2A-4A03-9EEC-C0E5C3E1F370}
	EndGlobalSection
EndGlobal
