<?xml version="1.0" encoding="utf-8"?>
<Project ToolsVersion="4.0" xmlns="http://schemas.microsoft.com/developer/msbuild/2003">
  <ItemGroup>
    <Filter Include="Source Files">
      <UniqueIdentifier>{4FC737F1-C7A5-4376-A066-2A32D752A2FF}</UniqueIdentifier>
      <Extensions>cpp;c;cc;cxx;def;odl;idl;hpj;bat;asm;asmx</Extensions>
    </Filter>
    <Filter Include="Header Files">
      <UniqueIdentifier>{93995380-89BD-4b04-88EB-625FBE52EBFB}</UniqueIdentifier>
      <Extensions>h;hpp;hxx;hm;inl;inc;xsd</Extensions>
    </Filter>
    <Filter Include="Resource Files">
      <UniqueIdentifier>{67DA6AB6-F800-4c08-8B7A-83BB121AAD01}</UniqueIdentifier>
      <Extensions>rc;ico;cur;bmp;dlg;rc2;rct;bin;rgs;gif;jpg;jpeg;jpe;resx;tiff;tif;png;wav;mfcribbon-ms</Extensions>
    </Filter>
    <Filter Include="Header Files\private">
      <UniqueIdentifier>{9c322527-810e-42e6-9a87-0376a85591f1}</UniqueIdentifier>
    </Filter>
    <Filter Include="Header Files\public">
      <UniqueIdentifier>{b3733814-0bfc-42de-9abb-eba83ec6fe40}</UniqueIdentifier>
    </Filter>
  </ItemGroup>
  <ItemGroup>
    <ClCompile Include="src\RemoteCode.cpp">
      <Filter>Source Files</Filter>
    </ClCompile>
    <ClCompile Include="src\RemoteMemoryManager.cpp">
      <Filter>Source Files</Filter>
    </ClCompile>
    <ClCompile Include="src\CodeBuffer.cpp">
      <Filter>Source Files</Filter>
    </ClCompile>
    <ClCompile Include="src\RemoteFunction.cpp">
      <Filter>Source Files</Filter>
    </ClCompile>
    <ClCompile Include="src\RemoteVariable.cpp">
      <Filter>Source Files</Filter>
    </ClCompile>
    <ClCompile Include="src\RemoteHeapAllocator.cpp">
      <Filter>Source Files</Filter>
    </ClCompile>
  </ItemGroup>
  <ItemGroup>
    <ClInclude Include="privateInc\RemoteMemoryManager.h">
      <Filter>Header Files\private</Filter>
    </ClInclude>
    <ClInclude Include="privateInc\CodeBuffer.h">
      <Filter>Header Files\private</Filter>
    </ClInclude>
    <ClInclude Include="privateInc\RemoteHeapAllocator.h">
      <Filter>Header Files\private</Filter>
    </ClInclude>
    <ClInclude Include="inc\MMP.h">
      <Filter>Header Files\public</Filter>
    </ClInclude>
    <ClInclude Include="inc\RemoteCode.h">
      <Filter>Header Files\public</Filter>
    </ClInclude>
    <ClInclude Include="inc\RemoteFunction.h">
      <Filter>Header Files\public</Filter>
    </ClInclude>
    <ClInclude Include="inc\RemoteVariable.h">
      <Filter>Header Files\public</Filter>
    </ClInclude>
  </ItemGroup>
</Project>